
Microsoft Visual Studio Solution File, Format Version 12.00
# Visual Studio Version 16
VisualStudioVersion = 16.0.32630.194
MinimumVisualStudioVersion = 10.0.40219.1
Project("{FAE04EC0-301F-11D3-BF4B-00C04F79EFBC}") = "FieldValidator", "FieldValidator\FieldValidator.csproj", "{2E42DFC4-843D-4638-9A79-246A9283EFE6}"
EndProject
Global
	GlobalSection(SolutionConfigurationPlatforms) = preSolution
		Debug|Any CPU = Debug|Any CPU
		Release|Any CPU = Release|Any CPU
	EndGlobalSection
	GlobalSection(ProjectConfigurationPlatforms) = postSolution
		{2E42DFC4-843D-4638-9A79-246A9283EFE6}.Debug|Any CPU.ActiveCfg = Debug|Any CPU
		{2E42DFC4-843D-4638-9A79-246A9283EFE6}.Debug|Any CPU.Build.0 = Debug|Any CPU
		{2E42DFC4-843D-4638-9A79-246A9283EFE6}.Release|Any CPU.ActiveCfg = Release|Any CPU
		{2E42DFC4-843D-4638-9A79-246A9283EFE6}.Release|Any CPU.Build.0 = Release|Any CPU
	EndGlobalSection
	GlobalSection(SolutionProperties) = preSolution
		HideSolutionNode = FALSE
	EndGlobalSection
	GlobalSection(ExtensibilityGlobals) = postSolution
		SolutionGuid = {C402BE6D-8DBA-49B9-BA96-C33D3944DA6A}
	EndGlobalSection
EndGlobal
